{
  "name": "be-watching",
  "version": "0.0.21",
  "lockfileVersion": 2,
  "requires": true,
  "packages": {
    "": {
      "name": "be-watching",
      "version": "0.0.21",
      "license": "MIT",
      "dependencies": {
        "be-decorated": "0.0.198"
      }
    },
    "node_modules/be-decorated": {
      "version": "0.0.198",
      "resolved": "https://registry.npmjs.org/be-decorated/-/be-decorated-0.0.198.tgz",
      "integrity": "sha512-l1/7D8upSnzdgY515dVVv6YzcKwRD5w0ojFsabiOpd2rNOu1dIMgpokvWt1ykdWhuVzccIU0lXqF7RctrNSLdA==",
      "dependencies": {
        "trans-render": "0.0.646"
      }
    },
    "node_modules/trans-render": {
      "version": "0.0.646",
      "resolved": "https://registry.npmjs.org/trans-render/-/trans-render-0.0.646.tgz",
      "integrity": "sha512-vbpp4IJlgUjnv3FHB195Yo8BYERZtXfFjPOkLZv8ax5N8rqOGNSYtklaio4I7VsJ2wj0AS4EXES0IzZJwp3btw=="
    }
  },
  "dependencies": {
    "be-decorated": {
      "version": "0.0.198",
      "resolved": "https://registry.npmjs.org/be-decorated/-/be-decorated-0.0.198.tgz",
      "integrity": "sha512-l1/7D8upSnzdgY515dVVv6YzcKwRD5w0ojFsabiOpd2rNOu1dIMgpokvWt1ykdWhuVzccIU0lXqF7RctrNSLdA==",
      "requires": {
        "trans-render": "0.0.646"
      }
    },
    "trans-render": {
      "version": "0.0.646",
      "resolved": "https://registry.npmjs.org/trans-render/-/trans-render-0.0.646.tgz",
      "integrity": "sha512-vbpp4IJlgUjnv3FHB195Yo8BYERZtXfFjPOkLZv8ax5N8rqOGNSYtklaio4I7VsJ2wj0AS4EXES0IzZJwp3btw=="
    }
  }
}
