{
  "name": "be-watching",
  "version": "0.0.15",
  "lockfileVersion": 2,
  "requires": true,
  "packages": {
    "": {
      "name": "be-watching",
      "version": "0.0.15",
      "license": "MIT",
      "dependencies": {
        "be-decorated": "0.0.175"
      }
    },
    "node_modules/be-decorated": {
      "version": "0.0.175",
      "resolved": "https://registry.npmjs.org/be-decorated/-/be-decorated-0.0.175.tgz",
      "integrity": "sha512-pkW5o9Wju/HKQ+1JHLPqKgq3/Tzv04U2iQOx/z5748/M49xn2WYx9iaj7Zv7g4QKX10LKXexTQmzWTlnGSGXjw==",
      "dependencies": {
        "trans-render": "0.0.626",
        "xtal-element": "0.0.530"
      }
    },
    "node_modules/trans-render": {
      "version": "0.0.626",
      "resolved": "https://registry.npmjs.org/trans-render/-/trans-render-0.0.626.tgz",
      "integrity": "sha512-rFskZRyW3lyJ8Hyxf+1peTdwFsjIozHM9MF4SX8k8b7kiRD6+j32uCT0f3yk1nZnekNxmxCZimxUeR4axO/jLA=="
    },
    "node_modules/xtal-element": {
      "version": "0.0.530",
      "resolved": "https://registry.npmjs.org/xtal-element/-/xtal-element-0.0.530.tgz",
      "integrity": "sha512-M0j5sQOenh0Jom9HvR7+oKY7LnSlQU4kQGZ/FnMg3DAWKYDWvXK6uS+hvvHUEq2uToBYEVD7FTeHDuHMm961HA==",
      "dependencies": {
        "trans-render": "0.0.626"
      }
    }
  },
  "dependencies": {
    "be-decorated": {
      "version": "0.0.175",
      "resolved": "https://registry.npmjs.org/be-decorated/-/be-decorated-0.0.175.tgz",
      "integrity": "sha512-pkW5o9Wju/HKQ+1JHLPqKgq3/Tzv04U2iQOx/z5748/M49xn2WYx9iaj7Zv7g4QKX10LKXexTQmzWTlnGSGXjw==",
      "requires": {
        "trans-render": "0.0.626",
        "xtal-element": "0.0.530"
      }
    },
    "trans-render": {
      "version": "0.0.626",
      "resolved": "https://registry.npmjs.org/trans-render/-/trans-render-0.0.626.tgz",
      "integrity": "sha512-rFskZRyW3lyJ8Hyxf+1peTdwFsjIozHM9MF4SX8k8b7kiRD6+j32uCT0f3yk1nZnekNxmxCZimxUeR4axO/jLA=="
    },
    "xtal-element": {
      "version": "0.0.530",
      "resolved": "https://registry.npmjs.org/xtal-element/-/xtal-element-0.0.530.tgz",
      "integrity": "sha512-M0j5sQOenh0Jom9HvR7+oKY7LnSlQU4kQGZ/FnMg3DAWKYDWvXK6uS+hvvHUEq2uToBYEVD7FTeHDuHMm961HA==",
      "requires": {
        "trans-render": "0.0.626"
      }
    }
  }
}
