{
  "name": "be-watching",
  "version": "0.0.17",
  "lockfileVersion": 2,
  "requires": true,
  "packages": {
    "": {
      "name": "be-watching",
      "version": "0.0.17",
      "license": "MIT",
      "dependencies": {
        "be-decorated": "0.0.182"
      }
    },
    "node_modules/be-decorated": {
      "version": "0.0.182",
      "resolved": "https://registry.npmjs.org/be-decorated/-/be-decorated-0.0.182.tgz",
      "integrity": "sha512-ix9Kz2LqUaDUdeZf8L5Eat4X0eRFEBTIMU4fikYnbY/MfsqWohzwiUEMmDQnp4U7dH88nsIrqFrKZCCEZjWaIA==",
      "dependencies": {
        "trans-render": "0.0.628"
      }
    },
    "node_modules/trans-render": {
      "version": "0.0.628",
      "resolved": "https://registry.npmjs.org/trans-render/-/trans-render-0.0.628.tgz",
      "integrity": "sha512-cTJ8KauW7YpRrH6bH8j1AMGOUm+hP/d/LHqb6xjR+H2i0PMhPm/ES6kMSEoAnh9LWk6WUAsvNM73FylziJWq8Q=="
    }
  },
  "dependencies": {
    "be-decorated": {
      "version": "0.0.182",
      "resolved": "https://registry.npmjs.org/be-decorated/-/be-decorated-0.0.182.tgz",
      "integrity": "sha512-ix9Kz2LqUaDUdeZf8L5Eat4X0eRFEBTIMU4fikYnbY/MfsqWohzwiUEMmDQnp4U7dH88nsIrqFrKZCCEZjWaIA==",
      "requires": {
        "trans-render": "0.0.628"
      }
    },
    "trans-render": {
      "version": "0.0.628",
      "resolved": "https://registry.npmjs.org/trans-render/-/trans-render-0.0.628.tgz",
      "integrity": "sha512-cTJ8KauW7YpRrH6bH8j1AMGOUm+hP/d/LHqb6xjR+H2i0PMhPm/ES6kMSEoAnh9LWk6WUAsvNM73FylziJWq8Q=="
    }
  }
}
